
Microsoft Visual Studio Solution File, Format Version 12.00
# Visual Studio Version 17
VisualStudioVersion = 17.8.34330.188
MinimumVisualStudioVersion = 10.0.40219.1
Project("{9A19103F-16F7-4668-BE54-9A1E7A4F7556}") = "Day3", "Day3\Day3.csproj", "{C6E474EE-1B27-4D92-B7CB-C4631C8E430A}"
EndProject
Project("{9A19103F-16F7-4668-BE54-9A1E7A4F7556}") = "Day5", "Day5\Day5.csproj", "{D87B6C0E-9A0C-447D-9F7F-304390C4098E}"
EndProject
Project("{9A19103F-16F7-4668-BE54-9A1E7A4F7556}") = "Day6", "Day6\Day6.csproj", "{60D0186E-8DC6-4CC0-BEB6-DF6FE41A26B5}"
EndProject
Project("{9A19103F-16F7-4668-BE54-9A1E7A4F7556}") = "Day4", "Day4\Day4.csproj", "{1EE039F7-6DB8-4649-B7A6-99692A0C8916}"
EndProject
Project("{9A19103F-16F7-4668-BE54-9A1E7A4F7556}") = "Day7", "Day7\Day7.csproj", "{0FA8404C-CFFB-4E97-8831-34305630DFC0}"
EndProject
Project("{9A19103F-16F7-4668-BE54-9A1E7A4F7556}") = "Day8", "Day8\Day8.csproj", "{DCDA357C-B91B-4B5E-87E9-31B5234FFB0B}"
EndProject
Global
	GlobalSection(SolutionConfigurationPlatforms) = preSolution
		Debug|Any CPU = Debug|Any CPU
		Release|Any CPU = Release|Any CPU
	EndGlobalSection
	GlobalSection(ProjectConfigurationPlatforms) = postSolution
		{C6E474EE-1B27-4D92-B7CB-C4631C8E430A}.Debug|Any CPU.ActiveCfg = Debug|Any CPU
		{C6E474EE-1B27-4D92-B7CB-C4631C8E430A}.Debug|Any CPU.Build.0 = Debug|Any CPU
		{C6E474EE-1B27-4D92-B7CB-C4631C8E430A}.Release|Any CPU.ActiveCfg = Release|Any CPU
		{C6E474EE-1B27-4D92-B7CB-C4631C8E430A}.Release|Any CPU.Build.0 = Release|Any CPU
		{D87B6C0E-9A0C-447D-9F7F-304390C4098E}.Debug|Any CPU.ActiveCfg = Debug|Any CPU
		{D87B6C0E-9A0C-447D-9F7F-304390C4098E}.Debug|Any CPU.Build.0 = Debug|Any CPU
		{D87B6C0E-9A0C-447D-9F7F-304390C4098E}.Release|Any CPU.ActiveCfg = Release|Any CPU
		{D87B6C0E-9A0C-447D-9F7F-304390C4098E}.Release|Any CPU.Build.0 = Release|Any CPU
		{60D0186E-8DC6-4CC0-BEB6-DF6FE41A26B5}.Debug|Any CPU.ActiveCfg = Debug|Any CPU
		{60D0186E-8DC6-4CC0-BEB6-DF6FE41A26B5}.Debug|Any CPU.Build.0 = Debug|Any CPU
		{60D0186E-8DC6-4CC0-BEB6-DF6FE41A26B5}.Release|Any CPU.ActiveCfg = Release|Any CPU
		{60D0186E-8DC6-4CC0-BEB6-DF6FE41A26B5}.Release|Any CPU.Build.0 = Release|Any CPU
		{1EE039F7-6DB8-4649-B7A6-99692A0C8916}.Debug|Any CPU.ActiveCfg = Debug|Any CPU
		{1EE039F7-6DB8-4649-B7A6-99692A0C8916}.Debug|Any CPU.Build.0 = Debug|Any CPU
		{1EE039F7-6DB8-4649-B7A6-99692A0C8916}.Release|Any CPU.ActiveCfg = Release|Any CPU
		{1EE039F7-6DB8-4649-B7A6-99692A0C8916}.Release|Any CPU.Build.0 = Release|Any CPU
		{0FA8404C-CFFB-4E97-8831-34305630DFC0}.Debug|Any CPU.ActiveCfg = Debug|Any CPU
		{0FA8404C-CFFB-4E97-8831-34305630DFC0}.Debug|Any CPU.Build.0 = Debug|Any CPU
		{0FA8404C-CFFB-4E97-8831-34305630DFC0}.Release|Any CPU.ActiveCfg = Release|Any CPU
		{0FA8404C-CFFB-4E97-8831-34305630DFC0}.Release|Any CPU.Build.0 = Release|Any CPU
		{DCDA357C-B91B-4B5E-87E9-31B5234FFB0B}.Debug|Any CPU.ActiveCfg = Debug|Any CPU
		{DCDA357C-B91B-4B5E-87E9-31B5234FFB0B}.Debug|Any CPU.Build.0 = Debug|Any CPU
		{DCDA357C-B91B-4B5E-87E9-31B5234FFB0B}.Release|Any CPU.ActiveCfg = Release|Any CPU
		{DCDA357C-B91B-4B5E-87E9-31B5234FFB0B}.Release|Any CPU.Build.0 = Release|Any CPU
	EndGlobalSection
	GlobalSection(SolutionProperties) = preSolution
		HideSolutionNode = FALSE
	EndGlobalSection
	GlobalSection(ExtensibilityGlobals) = postSolution
		SolutionGuid = {F3ADC02E-D5BC-4CE1-B2A8-A8210D5954E9}
	EndGlobalSection
EndGlobal
